
Microsoft Visual Studio Solution File, Format Version 12.00
# Visual Studio 15
VisualStudioVersion = 15.0.28307.645
MinimumVisualStudioVersion = 10.0.40219.1
Project("{FAE04EC0-301F-11D3-BF4B-00C04F79EFBC}") = "01_LINQ", "01_LINQ\01_LINQ.csproj", "{E1868FEC-0BD7-4CF2-BE2B-9CCAD355474E}"
EndProject
Project("{FAE04EC0-301F-11D3-BF4B-00C04F79EFBC}") = "02_LINQ", "02_LINQ\02_LINQ.csproj", "{1000FA8F-7293-4AE2-A3A3-0C3564B7152D}"
EndProject
Project("{FAE04EC0-301F-11D3-BF4B-00C04F79EFBC}") = "03_LINQ_OBJ", "03_LINQ_OBJ\03_LINQ_OBJ.csproj", "{A372DE5A-6FDA-405C-973B-9CA5D08C3424}"
EndProject
Project("{FAE04EC0-301F-11D3-BF4B-00C04F79EFBC}") = "04_LINK_JOIN", "04_LINK_JOIN\04_LINK_JOIN.csproj", "{C9D06691-B8EB-45D4-9535-69DDE66819A1}"
EndProject
Project("{FAE04EC0-301F-11D3-BF4B-00C04F79EFBC}") = "05_LINQ_GROUP", "05_LINQ_GROUP\05_LINQ_GROUP.csproj", "{629D08E5-5664-474F-AB1A-3FBEF7BFDB58}"
EndProject
Global
	GlobalSection(SolutionConfigurationPlatforms) = preSolution
		Debug|Any CPU = Debug|Any CPU
		Release|Any CPU = Release|Any CPU
	EndGlobalSection
	GlobalSection(ProjectConfigurationPlatforms) = postSolution
		{E1868FEC-0BD7-4CF2-BE2B-9CCAD355474E}.Debug|Any CPU.ActiveCfg = Debug|Any CPU
		{E1868FEC-0BD7-4CF2-BE2B-9CCAD355474E}.Debug|Any CPU.Build.0 = Debug|Any CPU
		{E1868FEC-0BD7-4CF2-BE2B-9CCAD355474E}.Release|Any CPU.ActiveCfg = Release|Any CPU
		{E1868FEC-0BD7-4CF2-BE2B-9CCAD355474E}.Release|Any CPU.Build.0 = Release|Any CPU
		{1000FA8F-7293-4AE2-A3A3-0C3564B7152D}.Debug|Any CPU.ActiveCfg = Debug|Any CPU
		{1000FA8F-7293-4AE2-A3A3-0C3564B7152D}.Debug|Any CPU.Build.0 = Debug|Any CPU
		{1000FA8F-7293-4AE2-A3A3-0C3564B7152D}.Release|Any CPU.ActiveCfg = Release|Any CPU
		{1000FA8F-7293-4AE2-A3A3-0C3564B7152D}.Release|Any CPU.Build.0 = Release|Any CPU
		{A372DE5A-6FDA-405C-973B-9CA5D08C3424}.Debug|Any CPU.ActiveCfg = Debug|Any CPU
		{A372DE5A-6FDA-405C-973B-9CA5D08C3424}.Debug|Any CPU.Build.0 = Debug|Any CPU
		{A372DE5A-6FDA-405C-973B-9CA5D08C3424}.Release|Any CPU.ActiveCfg = Release|Any CPU
		{A372DE5A-6FDA-405C-973B-9CA5D08C3424}.Release|Any CPU.Build.0 = Release|Any CPU
		{C9D06691-B8EB-45D4-9535-69DDE66819A1}.Debug|Any CPU.ActiveCfg = Debug|Any CPU
		{C9D06691-B8EB-45D4-9535-69DDE66819A1}.Debug|Any CPU.Build.0 = Debug|Any CPU
		{C9D06691-B8EB-45D4-9535-69DDE66819A1}.Release|Any CPU.ActiveCfg = Release|Any CPU
		{C9D06691-B8EB-45D4-9535-69DDE66819A1}.Release|Any CPU.Build.0 = Release|Any CPU
		{629D08E5-5664-474F-AB1A-3FBEF7BFDB58}.Debug|Any CPU.ActiveCfg = Debug|Any CPU
		{629D08E5-5664-474F-AB1A-3FBEF7BFDB58}.Debug|Any CPU.Build.0 = Debug|Any CPU
		{629D08E5-5664-474F-AB1A-3FBEF7BFDB58}.Release|Any CPU.ActiveCfg = Release|Any CPU
		{629D08E5-5664-474F-AB1A-3FBEF7BFDB58}.Release|Any CPU.Build.0 = Release|Any CPU
	EndGlobalSection
	GlobalSection(SolutionProperties) = preSolution
		HideSolutionNode = FALSE
	EndGlobalSection
	GlobalSection(ExtensibilityGlobals) = postSolution
		SolutionGuid = {58B124C0-2F3E-4EB3-A077-2FA5DA8606FB}
	EndGlobalSection
EndGlobal
