
Microsoft Visual Studio Solution File, Format Version 12.00
# Visual Studio 15
VisualStudioVersion = 15.0.28307.271
MinimumVisualStudioVersion = 10.0.40219.1
Project("{FAE04EC0-301F-11D3-BF4B-00C04F79EFBC}") = "03_Multithreding", "03_Multithreding\03_Multithreding.csproj", "{C7A54F70-30DC-4375-8886-D903C309C8AD}"
EndProject
Global
	GlobalSection(SolutionConfigurationPlatforms) = preSolution
		Debug|Any CPU = Debug|Any CPU
		Release|Any CPU = Release|Any CPU
	EndGlobalSection
	GlobalSection(ProjectConfigurationPlatforms) = postSolution
		{C7A54F70-30DC-4375-8886-D903C309C8AD}.Debug|Any CPU.ActiveCfg = Debug|Any CPU
		{C7A54F70-30DC-4375-8886-D903C309C8AD}.Debug|Any CPU.Build.0 = Debug|Any CPU
		{C7A54F70-30DC-4375-8886-D903C309C8AD}.Release|Any CPU.ActiveCfg = Release|Any CPU
		{C7A54F70-30DC-4375-8886-D903C309C8AD}.Release|Any CPU.Build.0 = Release|Any CPU
	EndGlobalSection
	GlobalSection(SolutionProperties) = preSolution
		HideSolutionNode = FALSE
	EndGlobalSection
	GlobalSection(ExtensibilityGlobals) = postSolution
		SolutionGuid = {FC43B6CA-0609-4ACD-B103-CFD14A23DA67}
	EndGlobalSection
EndGlobal
