
Microsoft Visual Studio Solution File, Format Version 12.00
# Visual Studio 15
VisualStudioVersion = 15.0.28307.271
MinimumVisualStudioVersion = 10.0.40219.1
Project("{FAE04EC0-301F-11D3-BF4B-00C04F79EFBC}") = "03_ExtencionMethods", "03_ExtencionMethods\03_ExtencionMethods.csproj", "{D1D5AC99-6827-4008-8DEA-35E7277ECE42}"
EndProject
Global
	GlobalSection(SolutionConfigurationPlatforms) = preSolution
		Debug|Any CPU = Debug|Any CPU
		Release|Any CPU = Release|Any CPU
	EndGlobalSection
	GlobalSection(ProjectConfigurationPlatforms) = postSolution
		{D1D5AC99-6827-4008-8DEA-35E7277ECE42}.Debug|Any CPU.ActiveCfg = Debug|Any CPU
		{D1D5AC99-6827-4008-8DEA-35E7277ECE42}.Debug|Any CPU.Build.0 = Debug|Any CPU
		{D1D5AC99-6827-4008-8DEA-35E7277ECE42}.Release|Any CPU.ActiveCfg = Release|Any CPU
		{D1D5AC99-6827-4008-8DEA-35E7277ECE42}.Release|Any CPU.Build.0 = Release|Any CPU
	EndGlobalSection
	GlobalSection(SolutionProperties) = preSolution
		HideSolutionNode = FALSE
	EndGlobalSection
	GlobalSection(ExtensibilityGlobals) = postSolution
		SolutionGuid = {8CCAF6F5-0C80-4977-9502-8B02E35FCFDF}
	EndGlobalSection
EndGlobal
