
Microsoft Visual Studio Solution File, Format Version 12.00
# Visual Studio Version 16
VisualStudioVersion = 16.0.29001.49
MinimumVisualStudioVersion = 10.0.40219.1
Project("{FAE04EC0-301F-11D3-BF4B-00C04F79EFBC}") = "01_Atributo", "..\01_Atributo\01_Atributo.csproj", "{BB74768B-F5DD-4A67-9EE2-E80838E9E5FA}"
EndProject
Project("{FAE04EC0-301F-11D3-BF4B-00C04F79EFBC}") = "02_validacao", "..\02_validacao\02_validacao.csproj", "{37703081-D094-4DFD-9B65-59C06996576F}"
EndProject
Project("{FAE04EC0-301F-11D3-BF4B-00C04F79EFBC}") = "03_ValidacaoCustomizada", "..\03_ValidacaoCustomizada\03_ValidacaoCustomizada.csproj", "{BE5DBDC3-86CB-4070-AADE-6F9678365151}"
EndProject
Project("{FAE04EC0-301F-11D3-BF4B-00C04F79EFBC}") = "04_Reflections", "..\04_Reflections\04_Reflections.csproj", "{D46A4A04-D935-4837-9783-622D3014D107}"
EndProject
Global
	GlobalSection(SolutionConfigurationPlatforms) = preSolution
		Debug|Any CPU = Debug|Any CPU
		Release|Any CPU = Release|Any CPU
	EndGlobalSection
	GlobalSection(ProjectConfigurationPlatforms) = postSolution
		{BB74768B-F5DD-4A67-9EE2-E80838E9E5FA}.Debug|Any CPU.ActiveCfg = Debug|Any CPU
		{BB74768B-F5DD-4A67-9EE2-E80838E9E5FA}.Debug|Any CPU.Build.0 = Debug|Any CPU
		{BB74768B-F5DD-4A67-9EE2-E80838E9E5FA}.Release|Any CPU.ActiveCfg = Release|Any CPU
		{BB74768B-F5DD-4A67-9EE2-E80838E9E5FA}.Release|Any CPU.Build.0 = Release|Any CPU
		{37703081-D094-4DFD-9B65-59C06996576F}.Debug|Any CPU.ActiveCfg = Debug|Any CPU
		{37703081-D094-4DFD-9B65-59C06996576F}.Debug|Any CPU.Build.0 = Debug|Any CPU
		{37703081-D094-4DFD-9B65-59C06996576F}.Release|Any CPU.ActiveCfg = Release|Any CPU
		{37703081-D094-4DFD-9B65-59C06996576F}.Release|Any CPU.Build.0 = Release|Any CPU
		{BE5DBDC3-86CB-4070-AADE-6F9678365151}.Debug|Any CPU.ActiveCfg = Debug|Any CPU
		{BE5DBDC3-86CB-4070-AADE-6F9678365151}.Debug|Any CPU.Build.0 = Debug|Any CPU
		{BE5DBDC3-86CB-4070-AADE-6F9678365151}.Release|Any CPU.ActiveCfg = Release|Any CPU
		{BE5DBDC3-86CB-4070-AADE-6F9678365151}.Release|Any CPU.Build.0 = Release|Any CPU
		{D46A4A04-D935-4837-9783-622D3014D107}.Debug|Any CPU.ActiveCfg = Debug|Any CPU
		{D46A4A04-D935-4837-9783-622D3014D107}.Debug|Any CPU.Build.0 = Debug|Any CPU
		{D46A4A04-D935-4837-9783-622D3014D107}.Release|Any CPU.ActiveCfg = Release|Any CPU
		{D46A4A04-D935-4837-9783-622D3014D107}.Release|Any CPU.Build.0 = Release|Any CPU
	EndGlobalSection
	GlobalSection(SolutionProperties) = preSolution
		HideSolutionNode = FALSE
	EndGlobalSection
	GlobalSection(ExtensibilityGlobals) = postSolution
		SolutionGuid = {D6C051A7-B0B4-4C0A-A532-C1A556FB5B03}
	EndGlobalSection
EndGlobal
