
Microsoft Visual Studio Solution File, Format Version 12.00
# Visual Studio 15
VisualStudioVersion = 15.0.28307.645
MinimumVisualStudioVersion = 10.0.40219.1
Project("{FAE04EC0-301F-11D3-BF4B-00C04F79EFBC}") = "00_Biblioteca", "00_Biblioteca\00_Biblioteca\00_Biblioteca.csproj", "{90AEB7C0-5DA5-48E4-9F7B-5A7620A51B11}"
EndProject
Project("{FAE04EC0-301F-11D3-BF4B-00C04F79EFBC}") = "03_SerializarJSON", "03_SerializarJSON\03_SerializarJSON.csproj", "{371405FC-005C-4F1D-85B3-52EBF058865E}"
EndProject
Project("{FAE04EC0-301F-11D3-BF4B-00C04F79EFBC}") = "04_DeserializarJSON", "04_DeserializarJSON\04_DeserializarJSON.csproj", "{221BAF3C-B3DB-4E45-AAA2-99FDB3D063FC}"
EndProject
Global
	GlobalSection(SolutionConfigurationPlatforms) = preSolution
		Debug|Any CPU = Debug|Any CPU
		Release|Any CPU = Release|Any CPU
	EndGlobalSection
	GlobalSection(ProjectConfigurationPlatforms) = postSolution
		{90AEB7C0-5DA5-48E4-9F7B-5A7620A51B11}.Debug|Any CPU.ActiveCfg = Debug|Any CPU
		{90AEB7C0-5DA5-48E4-9F7B-5A7620A51B11}.Debug|Any CPU.Build.0 = Debug|Any CPU
		{90AEB7C0-5DA5-48E4-9F7B-5A7620A51B11}.Release|Any CPU.ActiveCfg = Release|Any CPU
		{90AEB7C0-5DA5-48E4-9F7B-5A7620A51B11}.Release|Any CPU.Build.0 = Release|Any CPU
		{371405FC-005C-4F1D-85B3-52EBF058865E}.Debug|Any CPU.ActiveCfg = Debug|Any CPU
		{371405FC-005C-4F1D-85B3-52EBF058865E}.Debug|Any CPU.Build.0 = Debug|Any CPU
		{371405FC-005C-4F1D-85B3-52EBF058865E}.Release|Any CPU.ActiveCfg = Release|Any CPU
		{371405FC-005C-4F1D-85B3-52EBF058865E}.Release|Any CPU.Build.0 = Release|Any CPU
		{221BAF3C-B3DB-4E45-AAA2-99FDB3D063FC}.Debug|Any CPU.ActiveCfg = Debug|Any CPU
		{221BAF3C-B3DB-4E45-AAA2-99FDB3D063FC}.Debug|Any CPU.Build.0 = Debug|Any CPU
		{221BAF3C-B3DB-4E45-AAA2-99FDB3D063FC}.Release|Any CPU.ActiveCfg = Release|Any CPU
		{221BAF3C-B3DB-4E45-AAA2-99FDB3D063FC}.Release|Any CPU.Build.0 = Release|Any CPU
	EndGlobalSection
	GlobalSection(SolutionProperties) = preSolution
		HideSolutionNode = FALSE
	EndGlobalSection
	GlobalSection(ExtensibilityGlobals) = postSolution
		SolutionGuid = {AF3F89D5-EB85-4FBC-B3F2-0CD5111E418F}
	EndGlobalSection
EndGlobal
