
Microsoft Visual Studio Solution File, Format Version 12.00
# Visual Studio 15
VisualStudioVersion = 15.0.28307.271
MinimumVisualStudioVersion = 10.0.40219.1
Project("{FAE04EC0-301F-11D3-BF4B-00C04F79EFBC}") = "05_ThredsSafe", "05_ThredsSafe\05_ThredsSafe.csproj", "{1770A27C-0945-4999-A1B0-C57DF475BA2D}"
EndProject
Global
	GlobalSection(SolutionConfigurationPlatforms) = preSolution
		Debug|Any CPU = Debug|Any CPU
		Release|Any CPU = Release|Any CPU
	EndGlobalSection
	GlobalSection(ProjectConfigurationPlatforms) = postSolution
		{1770A27C-0945-4999-A1B0-C57DF475BA2D}.Debug|Any CPU.ActiveCfg = Debug|Any CPU
		{1770A27C-0945-4999-A1B0-C57DF475BA2D}.Debug|Any CPU.Build.0 = Debug|Any CPU
		{1770A27C-0945-4999-A1B0-C57DF475BA2D}.Release|Any CPU.ActiveCfg = Release|Any CPU
		{1770A27C-0945-4999-A1B0-C57DF475BA2D}.Release|Any CPU.Build.0 = Release|Any CPU
	EndGlobalSection
	GlobalSection(SolutionProperties) = preSolution
		HideSolutionNode = FALSE
	EndGlobalSection
	GlobalSection(ExtensibilityGlobals) = postSolution
		SolutionGuid = {3E247A28-9915-42FB-A5A5-F77C83D023D3}
	EndGlobalSection
EndGlobal
