
Microsoft Visual Studio Solution File, Format Version 12.00
# Visual Studio 15
VisualStudioVersion = 15.0.28307.271
MinimumVisualStudioVersion = 10.0.40219.1
Project("{FAE04EC0-301F-11D3-BF4B-00C04F79EFBC}") = "01_Generics", "01_Generics\01_Generics.csproj", "{8867F946-89CD-437B-8D8F-0FB5BA8E992A}"
EndProject
Global
	GlobalSection(SolutionConfigurationPlatforms) = preSolution
		Debug|Any CPU = Debug|Any CPU
		Release|Any CPU = Release|Any CPU
	EndGlobalSection
	GlobalSection(ProjectConfigurationPlatforms) = postSolution
		{8867F946-89CD-437B-8D8F-0FB5BA8E992A}.Debug|Any CPU.ActiveCfg = Debug|Any CPU
		{8867F946-89CD-437B-8D8F-0FB5BA8E992A}.Debug|Any CPU.Build.0 = Debug|Any CPU
		{8867F946-89CD-437B-8D8F-0FB5BA8E992A}.Release|Any CPU.ActiveCfg = Release|Any CPU
		{8867F946-89CD-437B-8D8F-0FB5BA8E992A}.Release|Any CPU.Build.0 = Release|Any CPU
	EndGlobalSection
	GlobalSection(SolutionProperties) = preSolution
		HideSolutionNode = FALSE
	EndGlobalSection
	GlobalSection(ExtensibilityGlobals) = postSolution
		SolutionGuid = {29680894-5384-4603-9CFA-20F84496B6C3}
	EndGlobalSection
EndGlobal
