
Microsoft Visual Studio Solution File, Format Version 12.00
# Visual Studio 15
VisualStudioVersion = 15.0.28307.271
MinimumVisualStudioVersion = 10.0.40219.1
Project("{FAE04EC0-301F-11D3-BF4B-00C04F79EFBC}") = "04_ThradingBackgraund", "04_ThradingBackgraund\04_ThradingBackgraund.csproj", "{64679552-813C-47BF-B80E-814F41C61F79}"
EndProject
Global
	GlobalSection(SolutionConfigurationPlatforms) = preSolution
		Debug|Any CPU = Debug|Any CPU
		Release|Any CPU = Release|Any CPU
	EndGlobalSection
	GlobalSection(ProjectConfigurationPlatforms) = postSolution
		{64679552-813C-47BF-B80E-814F41C61F79}.Debug|Any CPU.ActiveCfg = Debug|Any CPU
		{64679552-813C-47BF-B80E-814F41C61F79}.Debug|Any CPU.Build.0 = Debug|Any CPU
		{64679552-813C-47BF-B80E-814F41C61F79}.Release|Any CPU.ActiveCfg = Release|Any CPU
		{64679552-813C-47BF-B80E-814F41C61F79}.Release|Any CPU.Build.0 = Release|Any CPU
	EndGlobalSection
	GlobalSection(SolutionProperties) = preSolution
		HideSolutionNode = FALSE
	EndGlobalSection
	GlobalSection(ExtensibilityGlobals) = postSolution
		SolutionGuid = {FB2A404A-CD0A-4CCB-8EC3-6B57B66587CA}
	EndGlobalSection
EndGlobal
